{
    "hash": "7728c6e9c0fd71eee4b01fb7378bc330",
    "packages": [

    ],
    "packages-dev": null,
    "aliases": [

    ],
    "minimum-stability": "dev",
    "stability-flags": {
        "symfony/symfony": 10,
        "zetacomponents/cache": 20,
        "zetacomponents/php-generator": 20,
        "zetacomponents/configuration": 20,
        "zetacomponents/database": 20,
        "qafoo/rmf": 20,
        "ezsystems/ezpublish-legacy": 20
    }
}
