{
    "hash": "ba181eaef3b29ff3d14a540eddd06573",
    "packages": [

    ],
    "packages-dev": [
        {
            "package": "Qafoo/RMF",
            "version": "dev-master",
            "source-reference": "852d993d45952dbc86e2bfd78addad540bd85998",
            "commit-date": "1342375436"
        },
        {
            "package": "doctrine/common",
            "version": "2.3.x-dev",
            "source-reference": "2ec4bc6db13db6a0976a16b71058083c55cbcdbd",
            "commit-date": "1343847076"
        },
        {
            "package": "ezsystems/ezpublish-legacy",
            "version": "dev-master",
            "source-reference": "580b20c9fb6139e66e6a46854a30cb4763c705e5",
            "commit-date": "1346164120"
        },
        {
            "package": "symfony/symfony",
            "version": "v2.1.0-RC2"
        },
        {
            "package": "twig/twig",
            "version": "dev-master",
            "alias-pretty-version": "1.9.x-dev",
            "alias-version": "1.9.9999999.9999999-dev"
        },
        {
            "package": "twig/twig",
            "version": "dev-master",
            "source-reference": "92d8b25fee71e1d2f19f5d0c31838d6144a4bbcd",
            "commit-date": "1346166350"
        },
        {
            "package": "zetacomponents/base",
            "version": "dev-master",
            "source-reference": "642f63a8a72c32996f1aaf8a317fdf746bc32ce7",
            "commit-date": "1337599296"
        },
        {
            "package": "zetacomponents/cache",
            "version": "dev-master",
            "source-reference": "34fa794d0b5aeef67fee609c52c5d24fa4604bbd",
            "commit-date": "1337594129"
        },
        {
            "package": "zetacomponents/configuration",
            "version": "dev-master",
            "source-reference": "10ae09f42768d4657b2d1a66226ee63cbd8754b2",
            "commit-date": "1337594132"
        },
        {
            "package": "zetacomponents/database",
            "version": "dev-master",
            "source-reference": "0e8ddef8ce616bc18365efa2eef2161de3d7f74f",
            "commit-date": "1337594140"
        },
        {
            "package": "zetacomponents/mail",
            "version": "dev-master",
            "source-reference": "e0120aad96efb41bdfac5583d9cb3863bc2823e7",
            "commit-date": "1337594175"
        },
        {
            "package": "zetacomponents/php-generator",
            "version": "dev-master",
            "source-reference": "b51935ec5b763e5bad2182d810e1b752fcc83903",
            "commit-date": "1337594190"
        }
    ],
    "aliases": [

    ],
    "minimum-stability": "dev",
    "stability-flags": {
        "symfony/symfony": 5,
        "zetacomponents/cache": 20,
        "zetacomponents/php-generator": 20,
        "zetacomponents/configuration": 20,
        "zetacomponents/database": 20,
        "zetacomponents/mail": 20,
        "qafoo/rmf": 20,
        "ezsystems/ezpublish-legacy": 20
    }
}
